// !$*UTF8*$!
{
	archiveVersion = 1;
	classes = {
	};
	objectVersion = 46;
	objects = {

/* Begin PBXBuildFile section */
		AA9445011EAC648F0042F881 /* AppDelegate.swift in Sources */ = {isa = PBXBuildFile; fileRef = AA9445001EAC648F0042F881 /* AppDelegate.swift */; };
		AA9445031EAC648F0042F881 /* ViewController.swift in Sources */ = {isa = PBXBuildFile; fileRef = AA9445021EAC648F0042F881 /* ViewController.swift */; };
		AA9445061EAC648F0042F881 /* Main.storyboard in Resources */ = {isa = PBXBuildFile; fileRef = AA9445041EAC648F0042F881 /* Main.storyboard */; };
		AA9445081EAC648F0042F881 /* Assets.xcassets in Resources */ = {isa = PBXBuildFile; fileRef = AA9445071EAC648F0042F881 /* Assets.xcassets */; };
		AA94450B1EAC648F0042F881 /* LaunchScreen.storyboard in Resources */ = {isa = PBXBuildFile; fileRef = AA9445091EAC648F0042F881 /* LaunchScreen.storyboard */; };
		AA9445161EAC648F0042F881 /* UWFunStickerTests.swift in Sources */ = {isa = PBXBuildFile; fileRef = AA9445151EAC648F0042F881 /* UWFunStickerTests.swift */; };
		AA9445211EAC648F0042F881 /* UWFunStickerUITests.swift in Sources */ = {isa = PBXBuildFile; fileRef = AA9445201EAC648F0042F881 /* UWFunStickerUITests.swift */; };
		AA9445321EAC64EE0042F881 /* ShareService.swift in Sources */ = {isa = PBXBuildFile; fileRef = AA94452E1EAC64EE0042F881 /* ShareService.swift */; };
		AA9445331EAC64EE0042F881 /* SocialButtonCVC.swift in Sources */ = {isa = PBXBuildFile; fileRef = AA94452F1EAC64EE0042F881 /* SocialButtonCVC.swift */; };
		AA9445341EAC64EE0042F881 /* SocialPopupVC.swift in Sources */ = {isa = PBXBuildFile; fileRef = AA9445301EAC64EE0042F881 /* SocialPopupVC.swift */; };
		AA9445371EAC65DB0042F881 /* btnSelectSocial.png in Resources */ = {isa = PBXBuildFile; fileRef = AA9445361EAC65DB0042F881 /* btnSelectSocial.png */; };
		AA9445411EAC6E700042F881 /* UWFunStickerExtension.appex in Embed App Extensions */ = {isa = PBXBuildFile; fileRef = AA94453A1EAC6E700042F881 /* UWFunStickerExtension.appex */; settings = {ATTRIBUTES = (RemoveHeadersOnCopy, ); }; };
		AA9445471EAC6F5B0042F881 /* Stickers.xcassets in Resources */ = {isa = PBXBuildFile; fileRef = AA9445461EAC6F5B0042F881 /* Stickers.xcassets */; };
/* End PBXBuildFile section */

/* Begin PBXContainerItemProxy section */
		AA9445121EAC648F0042F881 /* PBXContainerItemProxy */ = {
			isa = PBXContainerItemProxy;
			containerPortal = AA9444F51EAC648F0042F881 /* Project object */;
			proxyType = 1;
			remoteGlobalIDString = AA9444FC1EAC648F0042F881;
			remoteInfo = UWFunSticker;
		};
		AA94451D1EAC648F0042F881 /* PBXContainerItemProxy */ = {
			isa = PBXContainerItemProxy;
			containerPortal = AA9444F51EAC648F0042F881 /* Project object */;
			proxyType = 1;
			remoteGlobalIDString = AA9444FC1EAC648F0042F881;
			remoteInfo = UWFunSticker;
		};
		AA94453F1EAC6E700042F881 /* PBXContainerItemProxy */ = {
			isa = PBXContainerItemProxy;
			containerPortal = AA9444F51EAC648F0042F881 /* Project object */;
			proxyType = 1;
			remoteGlobalIDString = AA9445391EAC6E700042F881;
			remoteInfo = UWFunStickerExtension;
		};
/* End PBXContainerItemProxy section */

/* Begin PBXCopyFilesBuildPhase section */
		AA9445451EAC6E700042F881 /* Embed App Extensions */ = {
			isa = PBXCopyFilesBuildPhase;
			buildActionMask = 2147483647;
			dstPath = "";
			dstSubfolderSpec = 13;
			files = (
				AA9445411EAC6E700042F881 /* UWFunStickerExtension.appex in Embed App Extensions */,
			);
			name = "Embed App Extensions";
			runOnlyForDeploymentPostprocessing = 0;
		};
/* End PBXCopyFilesBuildPhase section */

/* Begin PBXFileReference section */
		AA9444FD1EAC648F0042F881 /* UWFunSticker.app */ = {isa = PBXFileReference; explicitFileType = wrapper.application; includeInIndex = 0; path = UWFunSticker.app; sourceTree = BUILT_PRODUCTS_DIR; };
		AA9445001EAC648F0042F881 /* AppDelegate.swift */ = {isa = PBXFileReference; lastKnownFileType = sourcecode.swift; path = AppDelegate.swift; sourceTree = "<group>"; };
		AA9445021EAC648F0042F881 /* ViewController.swift */ = {isa = PBXFileReference; lastKnownFileType = sourcecode.swift; path = ViewController.swift; sourceTree = "<group>"; };
		AA9445051EAC648F0042F881 /* Base */ = {isa = PBXFileReference; lastKnownFileType = file.storyboard; name = Base; path = Base.lproj/Main.storyboard; sourceTree = "<group>"; };
		AA9445071EAC648F0042F881 /* Assets.xcassets */ = {isa = PBXFileReference; lastKnownFileType = folder.assetcatalog; path = Assets.xcassets; sourceTree = "<group>"; };
		AA94450A1EAC648F0042F881 /* Base */ = {isa = PBXFileReference; lastKnownFileType = file.storyboard; name = Base; path = Base.lproj/LaunchScreen.storyboard; sourceTree = "<group>"; };
		AA94450C1EAC648F0042F881 /* Info.plist */ = {isa = PBXFileReference; lastKnownFileType = text.plist.xml; path = Info.plist; sourceTree = "<group>"; };
		AA9445111EAC648F0042F881 /* UWFunStickerTests.xctest */ = {isa = PBXFileReference; explicitFileType = wrapper.cfbundle; includeInIndex = 0; path = UWFunStickerTests.xctest; sourceTree = BUILT_PRODUCTS_DIR; };
		AA9445151EAC648F0042F881 /* UWFunStickerTests.swift */ = {isa = PBXFileReference; lastKnownFileType = sourcecode.swift; path = UWFunStickerTests.swift; sourceTree = "<group>"; };
		AA9445171EAC648F0042F881 /* Info.plist */ = {isa = PBXFileReference; lastKnownFileType = text.plist.xml; path = Info.plist; sourceTree = "<group>"; };
		AA94451C1EAC648F0042F881 /* UWFunStickerUITests.xctest */ = {isa = PBXFileReference; explicitFileType = wrapper.cfbundle; includeInIndex = 0; path = UWFunStickerUITests.xctest; sourceTree = BUILT_PRODUCTS_DIR; };
		AA9445201EAC648F0042F881 /* UWFunStickerUITests.swift */ = {isa = PBXFileReference; lastKnownFileType = sourcecode.swift; path = UWFunStickerUITests.swift; sourceTree = "<group>"; };
		AA9445221EAC648F0042F881 /* Info.plist */ = {isa = PBXFileReference; lastKnownFileType = text.plist.xml; path = Info.plist; sourceTree = "<group>"; };
		AA94452E1EAC64EE0042F881 /* ShareService.swift */ = {isa = PBXFileReference; fileEncoding = 4; lastKnownFileType = sourcecode.swift; path = ShareService.swift; sourceTree = "<group>"; };
		AA94452F1EAC64EE0042F881 /* SocialButtonCVC.swift */ = {isa = PBXFileReference; fileEncoding = 4; lastKnownFileType = sourcecode.swift; path = SocialButtonCVC.swift; sourceTree = "<group>"; };
		AA9445301EAC64EE0042F881 /* SocialPopupVC.swift */ = {isa = PBXFileReference; fileEncoding = 4; lastKnownFileType = sourcecode.swift; path = SocialPopupVC.swift; sourceTree = "<group>"; };
		AA9445361EAC65DB0042F881 /* btnSelectSocial.png */ = {isa = PBXFileReference; lastKnownFileType = image.png; path = btnSelectSocial.png; sourceTree = "<group>"; };
		AA94453A1EAC6E700042F881 /* UWFunStickerExtension.appex */ = {isa = PBXFileReference; explicitFileType = "wrapper.app-extension"; includeInIndex = 0; path = UWFunStickerExtension.appex; sourceTree = BUILT_PRODUCTS_DIR; };
		AA94453E1EAC6E700042F881 /* Info.plist */ = {isa = PBXFileReference; lastKnownFileType = text.plist.xml; path = Info.plist; sourceTree = "<group>"; };
		AA9445461EAC6F5B0042F881 /* Stickers.xcassets */ = {isa = PBXFileReference; lastKnownFileType = folder.assetcatalog; path = Stickers.xcassets; sourceTree = "<group>"; };
/* End PBXFileReference section */

/* Begin PBXFrameworksBuildPhase section */
		AA9444FA1EAC648F0042F881 /* Frameworks */ = {
			isa = PBXFrameworksBuildPhase;
			buildActionMask = 2147483647;
			files = (
			);
			runOnlyForDeploymentPostprocessing = 0;
		};
		AA94450E1EAC648F0042F881 /* Frameworks */ = {
			isa = PBXFrameworksBuildPhase;
			buildActionMask = 2147483647;
			files = (
			);
			runOnlyForDeploymentPostprocessing = 0;
		};
		AA9445191EAC648F0042F881 /* Frameworks */ = {
			isa = PBXFrameworksBuildPhase;
			buildActionMask = 2147483647;
			files = (
			);
			runOnlyForDeploymentPostprocessing = 0;
		};
/* End PBXFrameworksBuildPhase section */

/* Begin PBXGroup section */
		AA9444F41EAC648F0042F881 = {
			isa = PBXGroup;
			children = (
				AA9444FF1EAC648F0042F881 /* UWFunSticker */,
				AA9445141EAC648F0042F881 /* UWFunStickerTests */,
				AA94451F1EAC648F0042F881 /* UWFunStickerUITests */,
				AA94453B1EAC6E700042F881 /* UWFunStickerExtension */,
				AA9444FE1EAC648F0042F881 /* Products */,
			);
			sourceTree = "<group>";
		};
		AA9444FE1EAC648F0042F881 /* Products */ = {
			isa = PBXGroup;
			children = (
				AA9444FD1EAC648F0042F881 /* UWFunSticker.app */,
				AA9445111EAC648F0042F881 /* UWFunStickerTests.xctest */,
				AA94451C1EAC648F0042F881 /* UWFunStickerUITests.xctest */,
				AA94453A1EAC6E700042F881 /* UWFunStickerExtension.appex */,
			);
			name = Products;
			sourceTree = "<group>";
		};
		AA9444FF1EAC648F0042F881 /* UWFunSticker */ = {
			isa = PBXGroup;
			children = (
				AA9445361EAC65DB0042F881 /* btnSelectSocial.png */,
				AA94452E1EAC64EE0042F881 /* ShareService.swift */,
				AA94452F1EAC64EE0042F881 /* SocialButtonCVC.swift */,
				AA9445301EAC64EE0042F881 /* SocialPopupVC.swift */,
				AA9445001EAC648F0042F881 /* AppDelegate.swift */,
				AA9445021EAC648F0042F881 /* ViewController.swift */,
				AA9445041EAC648F0042F881 /* Main.storyboard */,
				AA9445071EAC648F0042F881 /* Assets.xcassets */,
				AA9445091EAC648F0042F881 /* LaunchScreen.storyboard */,
				AA94450C1EAC648F0042F881 /* Info.plist */,
			);
			path = UWFunSticker;
			sourceTree = "<group>";
		};
		AA9445141EAC648F0042F881 /* UWFunStickerTests */ = {
			isa = PBXGroup;
			children = (
				AA9445151EAC648F0042F881 /* UWFunStickerTests.swift */,
				AA9445171EAC648F0042F881 /* Info.plist */,
			);
			path = UWFunStickerTests;
			sourceTree = "<group>";
		};
		AA94451F1EAC648F0042F881 /* UWFunStickerUITests */ = {
			isa = PBXGroup;
			children = (
				AA9445201EAC648F0042F881 /* UWFunStickerUITests.swift */,
				AA9445221EAC648F0042F881 /* Info.plist */,
			);
			path = UWFunStickerUITests;
			sourceTree = "<group>";
		};
		AA94453B1EAC6E700042F881 /* UWFunStickerExtension */ = {
			isa = PBXGroup;
			children = (
				AA9445461EAC6F5B0042F881 /* Stickers.xcassets */,
				AA94453E1EAC6E700042F881 /* Info.plist */,
			);
			path = UWFunStickerExtension;
			sourceTree = "<group>";
		};
/* End PBXGroup section */

/* Begin PBXNativeTarget section */
		AA9444FC1EAC648F0042F881 /* UWFunSticker */ = {
			isa = PBXNativeTarget;
			buildConfigurationList = AA9445251EAC648F0042F881 /* Build configuration list for PBXNativeTarget "UWFunSticker" */;
			buildPhases = (
				AA9444F91EAC648F0042F881 /* Sources */,
				AA9444FA1EAC648F0042F881 /* Frameworks */,
				AA9444FB1EAC648F0042F881 /* Resources */,
				AA9445451EAC6E700042F881 /* Embed App Extensions */,
			);
			buildRules = (
			);
			dependencies = (
				AA9445401EAC6E700042F881 /* PBXTargetDependency */,
			);
			name = UWFunSticker;
			productName = UWFunSticker;
			productReference = AA9444FD1EAC648F0042F881 /* UWFunSticker.app */;
			productType = "com.apple.product-type.application";
		};
		AA9445101EAC648F0042F881 /* UWFunStickerTests */ = {
			isa = PBXNativeTarget;
			buildConfigurationList = AA9445281EAC648F0042F881 /* Build configuration list for PBXNativeTarget "UWFunStickerTests" */;
			buildPhases = (
				AA94450D1EAC648F0042F881 /* Sources */,
				AA94450E1EAC648F0042F881 /* Frameworks */,
				AA94450F1EAC648F0042F881 /* Resources */,
			);
			buildRules = (
			);
			dependencies = (
				AA9445131EAC648F0042F881 /* PBXTargetDependency */,
			);
			name = UWFunStickerTests;
			productName = UWFunStickerTests;
			productReference = AA9445111EAC648F0042F881 /* UWFunStickerTests.xctest */;
			productType = "com.apple.product-type.bundle.unit-test";
		};
		AA94451B1EAC648F0042F881 /* UWFunStickerUITests */ = {
			isa = PBXNativeTarget;
			buildConfigurationList = AA94452B1EAC648F0042F881 /* Build configuration list for PBXNativeTarget "UWFunStickerUITests" */;
			buildPhases = (
				AA9445181EAC648F0042F881 /* Sources */,
				AA9445191EAC648F0042F881 /* Frameworks */,
				AA94451A1EAC648F0042F881 /* Resources */,
			);
			buildRules = (
			);
			dependencies = (
				AA94451E1EAC648F0042F881 /* PBXTargetDependency */,
			);
			name = UWFunStickerUITests;
			productName = UWFunStickerUITests;
			productReference = AA94451C1EAC648F0042F881 /* UWFunStickerUITests.xctest */;
			productType = "com.apple.product-type.bundle.ui-testing";
		};
		AA9445391EAC6E700042F881 /* UWFunStickerExtension */ = {
			isa = PBXNativeTarget;
			buildConfigurationList = AA9445421EAC6E700042F881 /* Build configuration list for PBXNativeTarget "UWFunStickerExtension" */;
			buildPhases = (
				AA9445381EAC6E700042F881 /* Resources */,
			);
			buildRules = (
			);
			dependencies = (
			);
			name = UWFunStickerExtension;
			productName = UWFunStickerExtension;
			productReference = AA94453A1EAC6E700042F881 /* UWFunStickerExtension.appex */;
			productType = "com.apple.product-type.app-extension.messages-sticker-pack";
		};
/* End PBXNativeTarget section */

/* Begin PBXProject section */
		AA9444F51EAC648F0042F881 /* Project object */ = {
			isa = PBXProject;
			attributes = {
				LastSwiftUpdateCheck = 0820;
				LastUpgradeCheck = 0820;
				ORGANIZATIONNAME = "Bruce Khin";
				TargetAttributes = {
					AA9444FC1EAC648F0042F881 = {
						CreatedOnToolsVersion = 8.2.1;
						DevelopmentTeam = Q9CMR7969T;
						ProvisioningStyle = Automatic;
					};
					AA9445101EAC648F0042F881 = {
						CreatedOnToolsVersion = 8.2.1;
						DevelopmentTeam = Q9CMR7969T;
						ProvisioningStyle = Automatic;
						TestTargetID = AA9444FC1EAC648F0042F881;
					};
					AA94451B1EAC648F0042F881 = {
						CreatedOnToolsVersion = 8.2.1;
						DevelopmentTeam = Q9CMR7969T;
						ProvisioningStyle = Automatic;
						TestTargetID = AA9444FC1EAC648F0042F881;
					};
					AA9445391EAC6E700042F881 = {
						CreatedOnToolsVersion = 8.2.1;
						DevelopmentTeam = Q9CMR7969T;
						ProvisioningStyle = Automatic;
					};
				};
			};
			buildConfigurationList = AA9444F81EAC648F0042F881 /* Build configuration list for PBXProject "UWFunSticker" */;
			compatibilityVersion = "Xcode 3.2";
			developmentRegion = English;
			hasScannedForEncodings = 0;
			knownRegions = (
				en,
				Base,
			);
			mainGroup = AA9444F41EAC648F0042F881;
			productRefGroup = AA9444FE1EAC648F0042F881 /* Products */;
			projectDirPath = "";
			projectRoot = "";
			targets = (
				AA9444FC1EAC648F0042F881 /* UWFunSticker */,
				AA9445101EAC648F0042F881 /* UWFunStickerTests */,
				AA94451B1EAC648F0042F881 /* UWFunStickerUITests */,
				AA9445391EAC6E700042F881 /* UWFunStickerExtension */,
			);
		};
/* End PBXProject section */

/* Begin PBXResourcesBuildPhase section */
		AA9444FB1EAC648F0042F881 /* Resources */ = {
			isa = PBXResourcesBuildPhase;
			buildActionMask = 2147483647;
			files = (
				AA94450B1EAC648F0042F881 /* LaunchScreen.storyboard in Resources */,
				AA9445371EAC65DB0042F881 /* btnSelectSocial.png in Resources */,
				AA9445081EAC648F0042F881 /* Assets.xcassets in Resources */,
				AA9445061EAC648F0042F881 /* Main.storyboard in Resources */,
			);
			runOnlyForDeploymentPostprocessing = 0;
		};
		AA94450F1EAC648F0042F881 /* Resources */ = {
			isa = PBXResourcesBuildPhase;
			buildActionMask = 2147483647;
			files = (
			);
			runOnlyForDeploymentPostprocessing = 0;
		};
		AA94451A1EAC648F0042F881 /* Resources */ = {
			isa = PBXResourcesBuildPhase;
			buildActionMask = 2147483647;
			files = (
			);
			runOnlyForDeploymentPostprocessing = 0;
		};
		AA9445381EAC6E700042F881 /* Resources */ = {
			isa = PBXResourcesBuildPhase;
			buildActionMask = 2147483647;
			files = (
				AA9445471EAC6F5B0042F881 /* Stickers.xcassets in Resources */,
			);
			runOnlyForDeploymentPostprocessing = 0;
		};
/* End PBXResourcesBuildPhase section */

/* Begin PBXSourcesBuildPhase section */
		AA9444F91EAC648F0042F881 /* Sources */ = {
			isa = PBXSourcesBuildPhase;
			buildActionMask = 2147483647;
			files = (
				AA9445341EAC64EE0042F881 /* SocialPopupVC.swift in Sources */,
				AA9445031EAC648F0042F881 /* ViewController.swift in Sources */,
				AA9445011EAC648F0042F881 /* AppDelegate.swift in Sources */,
				AA9445321EAC64EE0042F881 /* ShareService.swift in Sources */,
				AA9445331EAC64EE0042F881 /* SocialButtonCVC.swift in Sources */,
			);
			runOnlyForDeploymentPostprocessing = 0;
		};
		AA94450D1EAC648F0042F881 /* Sources */ = {
			isa = PBXSourcesBuildPhase;
			buildActionMask = 2147483647;
			files = (
				AA9445161EAC648F0042F881 /* UWFunStickerTests.swift in Sources */,
			);
			runOnlyForDeploymentPostprocessing = 0;
		};
		AA9445181EAC648F0042F881 /* Sources */ = {
			isa = PBXSourcesBuildPhase;
			buildActionMask = 2147483647;
			files = (
				AA9445211EAC648F0042F881 /* UWFunStickerUITests.swift in Sources */,
			);
			runOnlyForDeploymentPostprocessing = 0;
		};
/* End PBXSourcesBuildPhase section */

/* Begin PBXTargetDependency section */
		AA9445131EAC648F0042F881 /* PBXTargetDependency */ = {
			isa = PBXTargetDependency;
			target = AA9444FC1EAC648F0042F881 /* UWFunSticker */;
			targetProxy = AA9445121EAC648F0042F881 /* PBXContainerItemProxy */;
		};
		AA94451E1EAC648F0042F881 /* PBXTargetDependency */ = {
			isa = PBXTargetDependency;
			target = AA9444FC1EAC648F0042F881 /* UWFunSticker */;
			targetProxy = AA94451D1EAC648F0042F881 /* PBXContainerItemProxy */;
		};
		AA9445401EAC6E700042F881 /* PBXTargetDependency */ = {
			isa = PBXTargetDependency;
			target = AA9445391EAC6E700042F881 /* UWFunStickerExtension */;
			targetProxy = AA94453F1EAC6E700042F881 /* PBXContainerItemProxy */;
		};
/* End PBXTargetDependency section */

/* Begin PBXVariantGroup section */
		AA9445041EAC648F0042F881 /* Main.storyboard */ = {
			isa = PBXVariantGroup;
			children = (
				AA9445051EAC648F0042F881 /* Base */,
			);
			name = Main.storyboard;
			sourceTree = "<group>";
		};
		AA9445091EAC648F0042F881 /* LaunchScreen.storyboard */ = {
			isa = PBXVariantGroup;
			children = (
				AA94450A1EAC648F0042F881 /* Base */,
			);
			name = LaunchScreen.storyboard;
			sourceTree = "<group>";
		};
/* End PBXVariantGroup section */

/* Begin XCBuildConfiguration section */
		AA9445231EAC648F0042F881 /* Debug */ = {
			isa = XCBuildConfiguration;
			buildSettings = {
				ALWAYS_SEARCH_USER_PATHS = NO;
				CLANG_ANALYZER_NONNULL = YES;
				CLANG_CXX_LANGUAGE_STANDARD = "gnu++0x";
				CLANG_CXX_LIBRARY = "libc++";
				CLANG_ENABLE_MODULES = YES;
				CLANG_ENABLE_OBJC_ARC = YES;
				CLANG_WARN_BOOL_CONVERSION = YES;
				CLANG_WARN_CONSTANT_CONVERSION = YES;
				CLANG_WARN_DIRECT_OBJC_ISA_USAGE = YES_ERROR;
				CLANG_WARN_DOCUMENTATION_COMMENTS = YES;
				CLANG_WARN_EMPTY_BODY = YES;
				CLANG_WARN_ENUM_CONVERSION = YES;
				CLANG_WARN_INFINITE_RECURSION = YES;
				CLANG_WARN_INT_CONVERSION = YES;
				CLANG_WARN_OBJC_ROOT_CLASS = YES_ERROR;
				CLANG_WARN_SUSPICIOUS_MOVE = YES;
				CLANG_WARN_UNREACHABLE_CODE = YES;
				CLANG_WARN__DUPLICATE_METHOD_MATCH = YES;
				"CODE_SIGN_IDENTITY[sdk=iphoneos*]" = "iPhone Developer";
				COPY_PHASE_STRIP = NO;
				DEBUG_INFORMATION_FORMAT = dwarf;
				ENABLE_STRICT_OBJC_MSGSEND = YES;
				ENABLE_TESTABILITY = YES;
				GCC_C_LANGUAGE_STANDARD = gnu99;
				GCC_DYNAMIC_NO_PIC = NO;
				GCC_NO_COMMON_BLOCKS = YES;
				GCC_OPTIMIZATION_LEVEL = 0;
				GCC_PREPROCESSOR_DEFINITIONS = (
					"DEBUG=1",
					"$(inherited)",
				);
				GCC_WARN_64_TO_32_BIT_CONVERSION = YES;
				GCC_WARN_ABOUT_RETURN_TYPE = YES_ERROR;
				GCC_WARN_UNDECLARED_SELECTOR = YES;
				GCC_WARN_UNINITIALIZED_AUTOS = YES_AGGRESSIVE;
				GCC_WARN_UNUSED_FUNCTION = YES;
				GCC_WARN_UNUSED_VARIABLE = YES;
				IPHONEOS_DEPLOYMENT_TARGET = 10.2;
				MTL_ENABLE_DEBUG_INFO = YES;
				ONLY_ACTIVE_ARCH = YES;
				SDKROOT = iphoneos;
				SWIFT_ACTIVE_COMPILATION_CONDITIONS = DEBUG;
				SWIFT_OPTIMIZATION_LEVEL = "-Onone";
				TARGETED_DEVICE_FAMILY = "1,2";
			};
			name = Debug;
		};
		AA9445241EAC648F0042F881 /* Release */ = {
			isa = XCBuildConfiguration;
			buildSettings = {
				ALWAYS_SEARCH_USER_PATHS = NO;
				CLANG_ANALYZER_NONNULL = YES;
				CLANG_CXX_LANGUAGE_STANDARD = "gnu++0x";
				CLANG_CXX_LIBRARY = "libc++";
				CLANG_ENABLE_MODULES = YES;
				CLANG_ENABLE_OBJC_ARC = YES;
				CLANG_WARN_BOOL_CONVERSION = YES;
				CLANG_WARN_CONSTANT_CONVERSION = YES;
				CLANG_WARN_DIRECT_OBJC_ISA_USAGE = YES_ERROR;
				CLANG_WARN_DOCUMENTATION_COMMENTS = YES;
				CLANG_WARN_EMPTY_BODY = YES;
				CLANG_WARN_ENUM_CONVERSION = YES;
				CLANG_WARN_INFINITE_RECURSION = YES;
				CLANG_WARN_INT_CONVERSION = YES;
				CLANG_WARN_OBJC_ROOT_CLASS = YES_ERROR;
				CLANG_WARN_SUSPICIOUS_MOVE = YES;
				CLANG_WARN_UNREACHABLE_CODE = YES;
				CLANG_WARN__DUPLICATE_METHOD_MATCH = YES;
				"CODE_SIGN_IDENTITY[sdk=iphoneos*]" = "iPhone Developer";
				COPY_PHASE_STRIP = NO;
				DEBUG_INFORMATION_FORMAT = "dwarf-with-dsym";
				ENABLE_NS_ASSERTIONS = NO;
				ENABLE_STRICT_OBJC_MSGSEND = YES;
				GCC_C_LANGUAGE_STANDARD = gnu99;
				GCC_NO_COMMON_BLOCKS = YES;
				GCC_WARN_64_TO_32_BIT_CONVERSION = YES;
				GCC_WARN_ABOUT_RETURN_TYPE = YES_ERROR;
				GCC_WARN_UNDECLARED_SELECTOR = YES;
				GCC_WARN_UNINITIALIZED_AUTOS = YES_AGGRESSIVE;
				GCC_WARN_UNUSED_FUNCTION = YES;
				GCC_WARN_UNUSED_VARIABLE = YES;
				IPHONEOS_DEPLOYMENT_TARGET = 10.2;
				MTL_ENABLE_DEBUG_INFO = NO;
				SDKROOT = iphoneos;
				SWIFT_OPTIMIZATION_LEVEL = "-Owholemodule";
				TARGETED_DEVICE_FAMILY = "1,2";
				VALIDATE_PRODUCT = YES;
			};
			name = Release;
		};
		AA9445261EAC648F0042F881 /* Debug */ = {
			isa = XCBuildConfiguration;
			buildSettings = {
				ASSETCATALOG_COMPILER_APPICON_NAME = AppIcon;
				DEVELOPMENT_TEAM = Q9CMR7969T;
				INFOPLIST_FILE = UWFunSticker/Info.plist;
				LD_RUNPATH_SEARCH_PATHS = "$(inherited) @executable_path/Frameworks";
				PRODUCT_BUNDLE_IDENTIFIER = com.brucekhin.uwfunsticker;
				PRODUCT_NAME = "$(TARGET_NAME)";
				SWIFT_VERSION = 3.0;
			};
			name = Debug;
		};
		AA9445271EAC648F0042F881 /* Release */ = {
			isa = XCBuildConfiguration;
			buildSettings = {
				ASSETCATALOG_COMPILER_APPICON_NAME = AppIcon;
				DEVELOPMENT_TEAM = Q9CMR7969T;
				INFOPLIST_FILE = UWFunSticker/Info.plist;
				LD_RUNPATH_SEARCH_PATHS = "$(inherited) @executable_path/Frameworks";
				PRODUCT_BUNDLE_IDENTIFIER = com.brucekhin.uwfunsticker;
				PRODUCT_NAME = "$(TARGET_NAME)";
				SWIFT_VERSION = 3.0;
			};
			name = Release;
		};
		AA9445291EAC648F0042F881 /* Debug */ = {
			isa = XCBuildConfiguration;
			buildSettings = {
				ALWAYS_EMBED_SWIFT_STANDARD_LIBRARIES = YES;
				BUNDLE_LOADER = "$(TEST_HOST)";
				DEVELOPMENT_TEAM = Q9CMR7969T;
				INFOPLIST_FILE = UWFunStickerTests/Info.plist;
				LD_RUNPATH_SEARCH_PATHS = "$(inherited) @executable_path/Frameworks @loader_path/Frameworks";
				PRODUCT_BUNDLE_IDENTIFIER = com.brucekhin.UWFunStickerTests;
				PRODUCT_NAME = "$(TARGET_NAME)";
				SWIFT_VERSION = 3.0;
				TEST_HOST = "$(BUILT_PRODUCTS_DIR)/UWFunSticker.app/UWFunSticker";
			};
			name = Debug;
		};
		AA94452A1EAC648F0042F881 /* Release */ = {
			isa = XCBuildConfiguration;
			buildSettings = {
				ALWAYS_EMBED_SWIFT_STANDARD_LIBRARIES = YES;
				BUNDLE_LOADER = "$(TEST_HOST)";
				DEVELOPMENT_TEAM = Q9CMR7969T;
				INFOPLIST_FILE = UWFunStickerTests/Info.plist;
				LD_RUNPATH_SEARCH_PATHS = "$(inherited) @executable_path/Frameworks @loader_path/Frameworks";
				PRODUCT_BUNDLE_IDENTIFIER = com.brucekhin.UWFunStickerTests;
				PRODUCT_NAME = "$(TARGET_NAME)";
				SWIFT_VERSION = 3.0;
				TEST_HOST = "$(BUILT_PRODUCTS_DIR)/UWFunSticker.app/UWFunSticker";
			};
			name = Release;
		};
		AA94452C1EAC648F0042F881 /* Debug */ = {
			isa = XCBuildConfiguration;
			buildSettings = {
				ALWAYS_EMBED_SWIFT_STANDARD_LIBRARIES = YES;
				DEVELOPMENT_TEAM = Q9CMR7969T;
				INFOPLIST_FILE = UWFunStickerUITests/Info.plist;
				LD_RUNPATH_SEARCH_PATHS = "$(inherited) @executable_path/Frameworks @loader_path/Frameworks";
				PRODUCT_BUNDLE_IDENTIFIER = com.brucekhin.UWFunStickerUITests;
				PRODUCT_NAME = "$(TARGET_NAME)";
				SWIFT_VERSION = 3.0;
				TEST_TARGET_NAME = UWFunSticker;
			};
			name = Debug;
		};
		AA94452D1EAC648F0042F881 /* Release */ = {
			isa = XCBuildConfiguration;
			buildSettings = {
				ALWAYS_EMBED_SWIFT_STANDARD_LIBRARIES = YES;
				DEVELOPMENT_TEAM = Q9CMR7969T;
				INFOPLIST_FILE = UWFunStickerUITests/Info.plist;
				LD_RUNPATH_SEARCH_PATHS = "$(inherited) @executable_path/Frameworks @loader_path/Frameworks";
				PRODUCT_BUNDLE_IDENTIFIER = com.brucekhin.UWFunStickerUITests;
				PRODUCT_NAME = "$(TARGET_NAME)";
				SWIFT_VERSION = 3.0;
				TEST_TARGET_NAME = UWFunSticker;
			};
			name = Release;
		};
		AA9445431EAC6E700042F881 /* Debug */ = {
			isa = XCBuildConfiguration;
			buildSettings = {
				ASSETCATALOG_COMPILER_APPICON_NAME = "iMessage App Icon";
				DEVELOPMENT_TEAM = Q9CMR7969T;
				INFOPLIST_FILE = UWFunStickerExtension/Info.plist;
				PRODUCT_BUNDLE_IDENTIFIER = com.brucekhin.uwfunsticker.UWFunStickerExtension;
				PRODUCT_NAME = "$(TARGET_NAME)";
				SKIP_INSTALL = YES;
			};
			name = Debug;
		};
		AA9445441EAC6E700042F881 /* Release */ = {
			isa = XCBuildConfiguration;
			buildSettings = {
				ASSETCATALOG_COMPILER_APPICON_NAME = "iMessage App Icon";
				DEVELOPMENT_TEAM = Q9CMR7969T;
				INFOPLIST_FILE = UWFunStickerExtension/Info.plist;
				PRODUCT_BUNDLE_IDENTIFIER = com.brucekhin.uwfunsticker.UWFunStickerExtension;
				PRODUCT_NAME = "$(TARGET_NAME)";
				SKIP_INSTALL = YES;
			};
			name = Release;
		};
/* End XCBuildConfiguration section */

/* Begin XCConfigurationList section */
		AA9444F81EAC648F0042F881 /* Build configuration list for PBXProject "UWFunSticker" */ = {
			isa = XCConfigurationList;
			buildConfigurations = (
				AA9445231EAC648F0042F881 /* Debug */,
				AA9445241EAC648F0042F881 /* Release */,
			);
			defaultConfigurationIsVisible = 0;
			defaultConfigurationName = Release;
		};
		AA9445251EAC648F0042F881 /* Build configuration list for PBXNativeTarget "UWFunSticker" */ = {
			isa = XCConfigurationList;
			buildConfigurations = (
				AA9445261EAC648F0042F881 /* Debug */,
				AA9445271EAC648F0042F881 /* Release */,
			);
			defaultConfigurationIsVisible = 0;
		};
		AA9445281EAC648F0042F881 /* Build configuration list for PBXNativeTarget "UWFunStickerTests" */ = {
			isa = XCConfigurationList;
			buildConfigurations = (
				AA9445291EAC648F0042F881 /* Debug */,
				AA94452A1EAC648F0042F881 /* Release */,
			);
			defaultConfigurationIsVisible = 0;
		};
		AA94452B1EAC648F0042F881 /* Build configuration list for PBXNativeTarget "UWFunStickerUITests" */ = {
			isa = XCConfigurationList;
			buildConfigurations = (
				AA94452C1EAC648F0042F881 /* Debug */,
				AA94452D1EAC648F0042F881 /* Release */,
			);
			defaultConfigurationIsVisible = 0;
		};
		AA9445421EAC6E700042F881 /* Build configuration list for PBXNativeTarget "UWFunStickerExtension" */ = {
			isa = XCConfigurationList;
			buildConfigurations = (
				AA9445431EAC6E700042F881 /* Debug */,
				AA9445441EAC6E700042F881 /* Release */,
			);
			defaultConfigurationIsVisible = 0;
		};
/* End XCConfigurationList section */
	};
	rootObject = AA9444F51EAC648F0042F881 /* Project object */;
}
